// !$*UTF8*$!
{
	archiveVersion = 1;
	classes = {
	};
	objectVersion = 46;
	objects = {

/* Begin PBXAggregateTarget section */
		43A8EC75210E653B00A81379 /* Cartfile */ = {
			isa = PBXAggregateTarget;
			buildConfigurationList = 43A8EC76210E653C00A81379 /* Build configuration list for PBXAggregateTarget "Cartfile" */;
			buildPhases = (
				43A8EC79210E654300A81379 /* Build Carthage Dependencies */,
			);
			dependencies = (
			);
			name = Cartfile;
			productName = Cartfile;
		};
/* End PBXAggregateTarget section */

/* Begin PBXBuildFile section */
		273893FC21667EF80075A197 /* SpikeClient.framework in Frameworks */ = {isa = PBXBuildFile; fileRef = 432B0E881CDFC3C50045347B /* SpikeClient.framework */; };
		273893FD21667EF80075A197 /* SpikeClient.framework in Embed Frameworks */ = {isa = PBXBuildFile; fileRef = 432B0E881CDFC3C50045347B /* SpikeClient.framework */; settings = {ATTRIBUTES = (CodeSignOnCopy, RemoveHeadersOnCopy, ); }; };
		273894012166801B0075A197 /* LoopKit.framework in Frameworks */ = {isa = PBXBuildFile; fileRef = 43A8EC7B210E661400A81379 /* LoopKit.framework */; };
		273894022166801B0075A197 /* LoopKit.framework in Embed Frameworks */ = {isa = PBXBuildFile; fileRef = 43A8EC7B210E661400A81379 /* LoopKit.framework */; settings = {ATTRIBUTES = (CodeSignOnCopy, RemoveHeadersOnCopy, ); }; };
		2795404F2165502600D657E5 /* main.swift in Sources */ = {isa = PBXBuildFile; fileRef = 2795404E2165502600D657E5 /* main.swift */; };
		27C335B82165667300CF0868 /* SpikeClient.swift in Sources */ = {isa = PBXBuildFile; fileRef = 43C418AE1CE0488900405B6A /* SpikeClient.swift */; };
		27C335B9216566C500CF0868 /* SpikeClient.framework in Frameworks */ = {isa = PBXBuildFile; fileRef = 432B0E881CDFC3C50045347B /* SpikeClient.framework */; };
		27C335E121667C7A00CF0868 /* AppDelegate.swift in Sources */ = {isa = PBXBuildFile; fileRef = 27C335E021667C7A00CF0868 /* AppDelegate.swift */; };
		27C335E321667C7B00CF0868 /* ViewController.swift in Sources */ = {isa = PBXBuildFile; fileRef = 27C335E221667C7B00CF0868 /* ViewController.swift */; };
		27C335E621667C7B00CF0868 /* Main.storyboard in Resources */ = {isa = PBXBuildFile; fileRef = 27C335E421667C7B00CF0868 /* Main.storyboard */; };
		27C335E821667C7C00CF0868 /* Assets.xcassets in Resources */ = {isa = PBXBuildFile; fileRef = 27C335E721667C7C00CF0868 /* Assets.xcassets */; };
		27C335EB21667C7C00CF0868 /* LaunchScreen.storyboard in Resources */ = {isa = PBXBuildFile; fileRef = 27C335E921667C7C00CF0868 /* LaunchScreen.storyboard */; };
		4325E9CF210E6A0A00969CE5 /* HKUnit.swift in Sources */ = {isa = PBXBuildFile; fileRef = 4325E9CE210E6A0A00969CE5 /* HKUnit.swift */; };
		4325E9D1210E6A3D00969CE5 /* TimeInterval.swift in Sources */ = {isa = PBXBuildFile; fileRef = 4325E9D0210E6A3D00969CE5 /* TimeInterval.swift */; };
		4325E9D3210E6ADA00969CE5 /* IdentifiableClass.swift in Sources */ = {isa = PBXBuildFile; fileRef = 4325E9D2210E6ADA00969CE5 /* IdentifiableClass.swift */; };
		4325E9D5210E6B4400969CE5 /* UIColor.swift in Sources */ = {isa = PBXBuildFile; fileRef = 4325E9D4210E6B4300969CE5 /* UIColor.swift */; };
		432B0E931CDFC3C50045347B /* SpikeClient.framework in Frameworks */ = {isa = PBXBuildFile; fileRef = 432B0E881CDFC3C50045347B /* SpikeClient.framework */; };
		432B0E981CDFC3C50045347B /* SpikeClientTests.swift in Sources */ = {isa = PBXBuildFile; fileRef = 432B0E971CDFC3C50045347B /* SpikeClientTests.swift */; };
		43A8EC7C210E661400A81379 /* LoopKit.framework in Frameworks */ = {isa = PBXBuildFile; fileRef = 43A8EC7B210E661400A81379 /* LoopKit.framework */; };
		43A8EC8A210E664C00A81379 /* LoopKit.framework in Frameworks */ = {isa = PBXBuildFile; fileRef = 43A8EC7B210E661400A81379 /* LoopKit.framework */; };
		43A8EC8C210E665700A81379 /* LoopKitUI.framework in Frameworks */ = {isa = PBXBuildFile; fileRef = 43A8EC8B210E665600A81379 /* LoopKitUI.framework */; };
		43A8EC90210E676500A81379 /* SpikeClientSetupViewController.swift in Sources */ = {isa = PBXBuildFile; fileRef = 43A8EC8D210E676500A81379 /* SpikeClientSetupViewController.swift */; };
		43A8EC91210E676500A81379 /* SpikeClientManager+UI.swift in Sources */ = {isa = PBXBuildFile; fileRef = 43A8EC8E210E676500A81379 /* SpikeClientManager+UI.swift */; };
		43A8EC92210E676500A81379 /* SpikeClientSettingsViewController.swift in Sources */ = {isa = PBXBuildFile; fileRef = 43A8EC8F210E676500A81379 /* SpikeClientSettingsViewController.swift */; };
		43A8EC93210E679B00A81379 /* SpikeClient.framework in Frameworks */ = {isa = PBXBuildFile; fileRef = 432B0E881CDFC3C50045347B /* SpikeClient.framework */; };
		43A8EC95210E67B000A81379 /* HealthKit.framework in Frameworks */ = {isa = PBXBuildFile; fileRef = 43A8EC94210E67B000A81379 /* HealthKit.framework */; };
		43A8EC97210E680100A81379 /* ShareService+UI.swift in Sources */ = {isa = PBXBuildFile; fileRef = 43A8EC96210E680100A81379 /* ShareService+UI.swift */; };
		43A8EC99210E682A00A81379 /* SpikeService.swift in Sources */ = {isa = PBXBuildFile; fileRef = 43A8EC98210E682A00A81379 /* SpikeService.swift */; };
		43A8EC9B210E68BA00A81379 /* ShareGlucose+GlucoseKit.swift in Sources */ = {isa = PBXBuildFile; fileRef = 43A8EC9A210E68BA00A81379 /* ShareGlucose+GlucoseKit.swift */; };
		43A8EC9D210E68CE00A81379 /* SpikeClientManager.swift in Sources */ = {isa = PBXBuildFile; fileRef = 43A8EC9C210E68CE00A81379 /* SpikeClientManager.swift */; };
		43AB511B21330D1400B3D58D /* Localizable.strings in Resources */ = {isa = PBXBuildFile; fileRef = 43AB511921330D1400B3D58D /* Localizable.strings */; };
		43AB5127213315D300B3D58D /* Localizable.strings in Resources */ = {isa = PBXBuildFile; fileRef = 43AB5125213315D300B3D58D /* Localizable.strings */; };
		43AB51362133177800B3D58D /* LocalizedString.swift in Sources */ = {isa = PBXBuildFile; fileRef = 43AB51352133177800B3D58D /* LocalizedString.swift */; };
		43AB51372133177800B3D58D /* LocalizedString.swift in Sources */ = {isa = PBXBuildFile; fileRef = 43AB51352133177800B3D58D /* LocalizedString.swift */; };
/* End PBXBuildFile section */

/* Begin PBXContainerItemProxy section */
		273893FE21667EF80075A197 /* PBXContainerItemProxy */ = {
			isa = PBXContainerItemProxy;
			containerPortal = 432B0E7F1CDFC3C50045347B /* Project object */;
			proxyType = 1;
			remoteGlobalIDString = 432B0E871CDFC3C50045347B;
			remoteInfo = SpikeClient;
		};
		277FE8E02165606D001ACE55 /* PBXContainerItemProxy */ = {
			isa = PBXContainerItemProxy;
			containerPortal = 432B0E7F1CDFC3C50045347B /* Project object */;
			proxyType = 1;
			remoteGlobalIDString = 432B0E871CDFC3C50045347B;
			remoteInfo = SpikeClient;
		};
		27C335F521667D1600CF0868 /* PBXContainerItemProxy */ = {
			isa = PBXContainerItemProxy;
			containerPortal = 432B0E7F1CDFC3C50045347B /* Project object */;
			proxyType = 1;
			remoteGlobalIDString = 27C335DD21667C7A00CF0868;
			remoteInfo = singleviewtesterapp2;
		};
		4325E9D6210E714B00969CE5 /* PBXContainerItemProxy */ = {
			isa = PBXContainerItemProxy;
			containerPortal = 432B0E7F1CDFC3C50045347B /* Project object */;
			proxyType = 1;
			remoteGlobalIDString = 43A8EC75210E653B00A81379;
			remoteInfo = Cartfile;
		};
		4325E9D8210E715200969CE5 /* PBXContainerItemProxy */ = {
			isa = PBXContainerItemProxy;
			containerPortal = 432B0E7F1CDFC3C50045347B /* Project object */;
			proxyType = 1;
			remoteGlobalIDString = 43A8EC75210E653B00A81379;
			remoteInfo = Cartfile;
		};
		432B0E941CDFC3C50045347B /* PBXContainerItemProxy */ = {
			isa = PBXContainerItemProxy;
			containerPortal = 432B0E7F1CDFC3C50045347B /* Project object */;
			proxyType = 1;
			remoteGlobalIDString = 432B0E871CDFC3C50045347B;
			remoteInfo = SpikeClient;
		};
/* End PBXContainerItemProxy section */

/* Begin PBXCopyFilesBuildPhase section */
		2738940021667EF80075A197 /* Embed Frameworks */ = {
			isa = PBXCopyFilesBuildPhase;
			buildActionMask = 2147483647;
			dstPath = "";
			dstSubfolderSpec = 10;
			files = (
				273893FD21667EF80075A197 /* SpikeClient.framework in Embed Frameworks */,
				273894022166801B0075A197 /* LoopKit.framework in Embed Frameworks */,
			);
			name = "Embed Frameworks";
			runOnlyForDeploymentPostprocessing = 0;
		};
		2795404A2165502600D657E5 /* CopyFiles */ = {
			isa = PBXCopyFilesBuildPhase;
			buildActionMask = 2147483647;
			dstPath = /usr/share/man/man1/;
			dstSubfolderSpec = 0;
			files = (
			);
			runOnlyForDeploymentPostprocessing = 1;
		};
/* End PBXCopyFilesBuildPhase section */

/* Begin PBXFileReference section */
		2795404C2165502600D657E5 /* clitester */ = {isa = PBXFileReference; explicitFileType = "compiled.mach-o.executable"; includeInIndex = 0; path = clitester; sourceTree = BUILT_PRODUCTS_DIR; };
		2795404E2165502600D657E5 /* main.swift */ = {isa = PBXFileReference; lastKnownFileType = sourcecode.swift; path = main.swift; sourceTree = "<group>"; };
		27C335DE21667C7A00CF0868 /* singleviewtesterapp2.app */ = {isa = PBXFileReference; explicitFileType = wrapper.application; includeInIndex = 0; path = singleviewtesterapp2.app; sourceTree = BUILT_PRODUCTS_DIR; };
		27C335E021667C7A00CF0868 /* AppDelegate.swift */ = {isa = PBXFileReference; lastKnownFileType = sourcecode.swift; path = AppDelegate.swift; sourceTree = "<group>"; };
		27C335E221667C7B00CF0868 /* ViewController.swift */ = {isa = PBXFileReference; lastKnownFileType = sourcecode.swift; path = ViewController.swift; sourceTree = "<group>"; };
		27C335E521667C7B00CF0868 /* Base */ = {isa = PBXFileReference; lastKnownFileType = file.storyboard; name = Base; path = Base.lproj/Main.storyboard; sourceTree = "<group>"; };
		27C335E721667C7C00CF0868 /* Assets.xcassets */ = {isa = PBXFileReference; lastKnownFileType = folder.assetcatalog; path = Assets.xcassets; sourceTree = "<group>"; };
		27C335EA21667C7C00CF0868 /* Base */ = {isa = PBXFileReference; lastKnownFileType = file.storyboard; name = Base; path = Base.lproj/LaunchScreen.storyboard; sourceTree = "<group>"; };
		27C335EC21667C7C00CF0868 /* Info.plist */ = {isa = PBXFileReference; lastKnownFileType = text.plist.xml; path = Info.plist; sourceTree = "<group>"; };
		4325E9CE210E6A0A00969CE5 /* HKUnit.swift */ = {isa = PBXFileReference; fileEncoding = 4; lastKnownFileType = sourcecode.swift; path = HKUnit.swift; sourceTree = "<group>"; };
		4325E9D0210E6A3D00969CE5 /* TimeInterval.swift */ = {isa = PBXFileReference; fileEncoding = 4; lastKnownFileType = sourcecode.swift; path = TimeInterval.swift; sourceTree = "<group>"; };
		4325E9D2210E6ADA00969CE5 /* IdentifiableClass.swift */ = {isa = PBXFileReference; fileEncoding = 4; lastKnownFileType = sourcecode.swift; path = IdentifiableClass.swift; sourceTree = "<group>"; };
		4325E9D4210E6B4300969CE5 /* UIColor.swift */ = {isa = PBXFileReference; fileEncoding = 4; lastKnownFileType = sourcecode.swift; path = UIColor.swift; sourceTree = "<group>"; };
		432B0E881CDFC3C50045347B /* SpikeClient.framework */ = {isa = PBXFileReference; explicitFileType = wrapper.framework; includeInIndex = 0; path = SpikeClient.framework; sourceTree = BUILT_PRODUCTS_DIR; };
		432B0E8B1CDFC3C50045347B /* SpikeClient.h */ = {isa = PBXFileReference; lastKnownFileType = sourcecode.c.h; path = SpikeClient.h; sourceTree = "<group>"; };
		432B0E8D1CDFC3C50045347B /* Info.plist */ = {isa = PBXFileReference; lastKnownFileType = text.plist.xml; path = Info.plist; sourceTree = "<group>"; };
		432B0E921CDFC3C50045347B /* SpikeClientTests.xctest */ = {isa = PBXFileReference; explicitFileType = wrapper.cfbundle; includeInIndex = 0; path = SpikeClientTests.xctest; sourceTree = BUILT_PRODUCTS_DIR; };
		432B0E971CDFC3C50045347B /* SpikeClientTests.swift */ = {isa = PBXFileReference; lastKnownFileType = sourcecode.swift; path = SpikeClientTests.swift; sourceTree = "<group>"; };
		432B0E991CDFC3C50045347B /* Info.plist */ = {isa = PBXFileReference; lastKnownFileType = text.plist.xml; path = Info.plist; sourceTree = "<group>"; };
		43A8EC7B210E661400A81379 /* LoopKit.framework */ = {isa = PBXFileReference; lastKnownFileType = wrapper.framework; name = LoopKit.framework; path = Carthage/Build/iOS/LoopKit.framework; sourceTree = "<group>"; };
		43A8EC82210E664300A81379 /* SpikeClientUI.framework */ = {isa = PBXFileReference; explicitFileType = wrapper.framework; includeInIndex = 0; path = SpikeClientUI.framework; sourceTree = BUILT_PRODUCTS_DIR; };
		43A8EC84210E664300A81379 /* SpikeClientUI.h */ = {isa = PBXFileReference; lastKnownFileType = sourcecode.c.h; path = SpikeClientUI.h; sourceTree = "<group>"; };
		43A8EC85210E664300A81379 /* Info.plist */ = {isa = PBXFileReference; lastKnownFileType = text.plist.xml; path = Info.plist; sourceTree = "<group>"; };
		43A8EC8B210E665600A81379 /* LoopKitUI.framework */ = {isa = PBXFileReference; lastKnownFileType = wrapper.framework; name = LoopKitUI.framework; path = Carthage/Build/iOS/LoopKitUI.framework; sourceTree = "<group>"; };
		43A8EC8D210E676500A81379 /* SpikeClientSetupViewController.swift */ = {isa = PBXFileReference; fileEncoding = 4; lastKnownFileType = sourcecode.swift; path = SpikeClientSetupViewController.swift; sourceTree = "<group>"; };
		43A8EC8E210E676500A81379 /* SpikeClientManager+UI.swift */ = {isa = PBXFileReference; fileEncoding = 4; lastKnownFileType = sourcecode.swift; path = "SpikeClientManager+UI.swift"; sourceTree = "<group>"; };
		43A8EC8F210E676500A81379 /* SpikeClientSettingsViewController.swift */ = {isa = PBXFileReference; fileEncoding = 4; lastKnownFileType = sourcecode.swift; path = SpikeClientSettingsViewController.swift; sourceTree = "<group>"; };
		43A8EC94210E67B000A81379 /* HealthKit.framework */ = {isa = PBXFileReference; lastKnownFileType = wrapper.framework; name = HealthKit.framework; path = System/Library/Frameworks/HealthKit.framework; sourceTree = SDKROOT; };
		43A8EC96210E680100A81379 /* ShareService+UI.swift */ = {isa = PBXFileReference; fileEncoding = 4; lastKnownFileType = sourcecode.swift; path = "ShareService+UI.swift"; sourceTree = "<group>"; };
		43A8EC98210E682A00A81379 /* SpikeService.swift */ = {isa = PBXFileReference; fileEncoding = 4; lastKnownFileType = sourcecode.swift; path = SpikeService.swift; sourceTree = "<group>"; };
		43A8EC9A210E68BA00A81379 /* ShareGlucose+GlucoseKit.swift */ = {isa = PBXFileReference; fileEncoding = 4; lastKnownFileType = sourcecode.swift; path = "ShareGlucose+GlucoseKit.swift"; sourceTree = "<group>"; };
		43A8EC9C210E68CE00A81379 /* SpikeClientManager.swift */ = {isa = PBXFileReference; fileEncoding = 4; lastKnownFileType = sourcecode.swift; path = SpikeClientManager.swift; sourceTree = "<group>"; };
		43AB511A21330D1400B3D58D /* Base */ = {isa = PBXFileReference; lastKnownFileType = text.plist.strings; name = Base; path = Base.lproj/Localizable.strings; sourceTree = "<group>"; };
		43AB511C21330D6800B3D58D /* fr */ = {isa = PBXFileReference; lastKnownFileType = text.plist.strings; name = fr; path = fr.lproj/Localizable.strings; sourceTree = "<group>"; };
		43AB511D21330D6B00B3D58D /* de */ = {isa = PBXFileReference; lastKnownFileType = text.plist.strings; name = de; path = de.lproj/Localizable.strings; sourceTree = "<group>"; };
		43AB511E21330D7000B3D58D /* zh-Hans */ = {isa = PBXFileReference; lastKnownFileType = text.plist.strings; name = "zh-Hans"; path = "zh-Hans.lproj/Localizable.strings"; sourceTree = "<group>"; };
		43AB511F21330D7800B3D58D /* es */ = {isa = PBXFileReference; lastKnownFileType = text.plist.strings; name = es; path = es.lproj/Localizable.strings; sourceTree = "<group>"; };
		43AB512021330D7E00B3D58D /* it */ = {isa = PBXFileReference; lastKnownFileType = text.plist.strings; name = it; path = it.lproj/Localizable.strings; sourceTree = "<group>"; };
		43AB512121330D8600B3D58D /* nl */ = {isa = PBXFileReference; lastKnownFileType = text.plist.strings; name = nl; path = nl.lproj/Localizable.strings; sourceTree = "<group>"; };
		43AB512221330D8A00B3D58D /* nb */ = {isa = PBXFileReference; lastKnownFileType = text.plist.strings; name = nb; path = nb.lproj/Localizable.strings; sourceTree = "<group>"; };
		43AB512321330D8E00B3D58D /* ru */ = {isa = PBXFileReference; lastKnownFileType = text.plist.strings; name = ru; path = ru.lproj/Localizable.strings; sourceTree = "<group>"; };
		43AB512421330D9400B3D58D /* pl */ = {isa = PBXFileReference; lastKnownFileType = text.plist.strings; name = pl; path = pl.lproj/Localizable.strings; sourceTree = "<group>"; };
		43AB5126213315D300B3D58D /* Base */ = {isa = PBXFileReference; lastKnownFileType = text.plist.strings; name = Base; path = Base.lproj/Localizable.strings; sourceTree = "<group>"; };
		43AB51282133161100B3D58D /* fr */ = {isa = PBXFileReference; lastKnownFileType = text.plist.strings; name = fr; path = fr.lproj/Localizable.strings; sourceTree = "<group>"; };
		43AB51292133161200B3D58D /* de */ = {isa = PBXFileReference; lastKnownFileType = text.plist.strings; name = de; path = de.lproj/Localizable.strings; sourceTree = "<group>"; };
		43AB512A2133161300B3D58D /* zh-Hans */ = {isa = PBXFileReference; lastKnownFileType = text.plist.strings; name = "zh-Hans"; path = "zh-Hans.lproj/Localizable.strings"; sourceTree = "<group>"; };
		43AB512B2133161600B3D58D /* es */ = {isa = PBXFileReference; lastKnownFileType = text.plist.strings; name = es; path = es.lproj/Localizable.strings; sourceTree = "<group>"; };
		43AB512C2133161700B3D58D /* it */ = {isa = PBXFileReference; lastKnownFileType = text.plist.strings; name = it; path = it.lproj/Localizable.strings; sourceTree = "<group>"; };
		43AB512D2133161800B3D58D /* nl */ = {isa = PBXFileReference; lastKnownFileType = text.plist.strings; name = nl; path = nl.lproj/Localizable.strings; sourceTree = "<group>"; };
		43AB512E2133161900B3D58D /* nb */ = {isa = PBXFileReference; lastKnownFileType = text.plist.strings; name = nb; path = nb.lproj/Localizable.strings; sourceTree = "<group>"; };
		43AB512F2133161A00B3D58D /* ru */ = {isa = PBXFileReference; lastKnownFileType = text.plist.strings; name = ru; path = ru.lproj/Localizable.strings; sourceTree = "<group>"; };
		43AB51302133161A00B3D58D /* pl */ = {isa = PBXFileReference; lastKnownFileType = text.plist.strings; name = pl; path = pl.lproj/Localizable.strings; sourceTree = "<group>"; };
		43AB51352133177800B3D58D /* LocalizedString.swift */ = {isa = PBXFileReference; fileEncoding = 4; lastKnownFileType = sourcecode.swift; path = LocalizedString.swift; sourceTree = "<group>"; };
		43C418AE1CE0488900405B6A /* SpikeClient.swift */ = {isa = PBXFileReference; fileEncoding = 4; lastKnownFileType = sourcecode.swift; path = SpikeClient.swift; sourceTree = "<group>"; };
/* End PBXFileReference section */

/* Begin PBXFrameworksBuildPhase section */
		279540492165502600D657E5 /* Frameworks */ = {
			isa = PBXFrameworksBuildPhase;
			buildActionMask = 2147483647;
			files = (
				27C335B9216566C500CF0868 /* SpikeClient.framework in Frameworks */,
			);
			runOnlyForDeploymentPostprocessing = 0;
		};
		27C335DB21667C7A00CF0868 /* Frameworks */ = {
			isa = PBXFrameworksBuildPhase;
			buildActionMask = 2147483647;
			files = (
				273893FC21667EF80075A197 /* SpikeClient.framework in Frameworks */,
				273894012166801B0075A197 /* LoopKit.framework in Frameworks */,
			);
			runOnlyForDeploymentPostprocessing = 0;
		};
		432B0E841CDFC3C50045347B /* Frameworks */ = {
			isa = PBXFrameworksBuildPhase;
			buildActionMask = 2147483647;
			files = (
				43A8EC95210E67B000A81379 /* HealthKit.framework in Frameworks */,
				43A8EC7C210E661400A81379 /* LoopKit.framework in Frameworks */,
			);
			runOnlyForDeploymentPostprocessing = 0;
		};
		432B0E8F1CDFC3C50045347B /* Frameworks */ = {
			isa = PBXFrameworksBuildPhase;
			buildActionMask = 2147483647;
			files = (
				432B0E931CDFC3C50045347B /* SpikeClient.framework in Frameworks */,
			);
			runOnlyForDeploymentPostprocessing = 0;
		};
		43A8EC7E210E664300A81379 /* Frameworks */ = {
			isa = PBXFrameworksBuildPhase;
			buildActionMask = 2147483647;
			files = (
				43A8EC93210E679B00A81379 /* SpikeClient.framework in Frameworks */,
				43A8EC8C210E665700A81379 /* LoopKitUI.framework in Frameworks */,
				43A8EC8A210E664C00A81379 /* LoopKit.framework in Frameworks */,
			);
			runOnlyForDeploymentPostprocessing = 0;
		};
/* End PBXFrameworksBuildPhase section */

/* Begin PBXGroup section */
		2795404D2165502600D657E5 /* clitester */ = {
			isa = PBXGroup;
			children = (
				2795404E2165502600D657E5 /* main.swift */,
			);
			path = clitester;
			sourceTree = "<group>";
		};
		27C335DF21667C7A00CF0868 /* singleviewtesterapp2 */ = {
			isa = PBXGroup;
			children = (
				27C335E021667C7A00CF0868 /* AppDelegate.swift */,
				27C335E221667C7B00CF0868 /* ViewController.swift */,
				27C335E421667C7B00CF0868 /* Main.storyboard */,
				27C335E721667C7C00CF0868 /* Assets.xcassets */,
				27C335E921667C7C00CF0868 /* LaunchScreen.storyboard */,
				27C335EC21667C7C00CF0868 /* Info.plist */,
			);
			path = singleviewtesterapp2;
			sourceTree = "<group>";
		};
		432B0E7E1CDFC3C50045347B = {
			isa = PBXGroup;
			children = (
				432B0E8A1CDFC3C50045347B /* SpikeClient */,
				43AB51342133176B00B3D58D /* Common */,
				432B0E961CDFC3C50045347B /* SpikeClientTests */,
				43A8EC83210E664300A81379 /* SpikeClientUI */,
				2795404D2165502600D657E5 /* clitester */,
				27C335DF21667C7A00CF0868 /* singleviewtesterapp2 */,
				432B0E891CDFC3C50045347B /* Products */,
				43A8EC7A210E661300A81379 /* Frameworks */,
			);
			sourceTree = "<group>";
		};
		432B0E891CDFC3C50045347B /* Products */ = {
			isa = PBXGroup;
			children = (
				432B0E881CDFC3C50045347B /* SpikeClient.framework */,
				432B0E921CDFC3C50045347B /* SpikeClientTests.xctest */,
				43A8EC82210E664300A81379 /* SpikeClientUI.framework */,
				2795404C2165502600D657E5 /* clitester */,
				27C335DE21667C7A00CF0868 /* singleviewtesterapp2.app */,
			);
			name = Products;
			sourceTree = "<group>";
		};
		432B0E8A1CDFC3C50045347B /* SpikeClient */ = {
			isa = PBXGroup;
			children = (
				43C418AE1CE0488900405B6A /* SpikeClient.swift */,
				432B0E8B1CDFC3C50045347B /* SpikeClient.h */,
				43A8EC84210E664300A81379 /* SpikeClientUI.h */,
				43AB5125213315D300B3D58D /* Localizable.strings */,
				4325E9CE210E6A0A00969CE5 /* HKUnit.swift */,
				43A8EC9C210E68CE00A81379 /* SpikeClientManager.swift */,
				43A8EC9A210E68BA00A81379 /* ShareGlucose+GlucoseKit.swift */,
				43A8EC98210E682A00A81379 /* SpikeService.swift */,
				4325E9D0210E6A3D00969CE5 /* TimeInterval.swift */,
				432B0E8D1CDFC3C50045347B /* Info.plist */,
			);
			path = SpikeClient;
			sourceTree = "<group>";
		};
		432B0E961CDFC3C50045347B /* SpikeClientTests */ = {
			isa = PBXGroup;
			children = (
				432B0E971CDFC3C50045347B /* SpikeClientTests.swift */,
				432B0E991CDFC3C50045347B /* Info.plist */,
			);
			path = SpikeClientTests;
			sourceTree = "<group>";
		};
		43A8EC7A210E661300A81379 /* Frameworks */ = {
			isa = PBXGroup;
			children = (
				43A8EC94210E67B000A81379 /* HealthKit.framework */,
				43A8EC8B210E665600A81379 /* LoopKitUI.framework */,
				43A8EC7B210E661400A81379 /* LoopKit.framework */,
			);
			name = Frameworks;
			sourceTree = "<group>";
		};
		43A8EC83210E664300A81379 /* SpikeClientUI */ = {
			isa = PBXGroup;
			children = (
				43AB511921330D1400B3D58D /* Localizable.strings */,
				4325E9D2210E6ADA00969CE5 /* IdentifiableClass.swift */,
				43A8EC8E210E676500A81379 /* SpikeClientManager+UI.swift */,
				43A8EC8F210E676500A81379 /* SpikeClientSettingsViewController.swift */,
				43A8EC8D210E676500A81379 /* SpikeClientSetupViewController.swift */,
				43A8EC96210E680100A81379 /* ShareService+UI.swift */,
				4325E9D4210E6B4300969CE5 /* UIColor.swift */,
				43A8EC85210E664300A81379 /* Info.plist */,
			);
			path = SpikeClientUI;
			sourceTree = "<group>";
		};
		43AB51342133176B00B3D58D /* Common */ = {
			isa = PBXGroup;
			children = (
				43AB51352133177800B3D58D /* LocalizedString.swift */,
			);
			path = Common;
			sourceTree = "<group>";
		};
/* End PBXGroup section */

/* Begin PBXHeadersBuildPhase section */
		432B0E851CDFC3C50045347B /* Headers */ = {
			isa = PBXHeadersBuildPhase;
			buildActionMask = 2147483647;
			files = (
			);
			runOnlyForDeploymentPostprocessing = 0;
		};
		43A8EC7F210E664300A81379 /* Headers */ = {
			isa = PBXHeadersBuildPhase;
			buildActionMask = 2147483647;
			files = (
			);
			runOnlyForDeploymentPostprocessing = 0;
		};
/* End PBXHeadersBuildPhase section */

/* Begin PBXNativeTarget section */
		2795404B2165502600D657E5 /* clitester */ = {
			isa = PBXNativeTarget;
			buildConfigurationList = 279540502165502600D657E5 /* Build configuration list for PBXNativeTarget "clitester" */;
			buildPhases = (
				279540482165502600D657E5 /* Sources */,
				279540492165502600D657E5 /* Frameworks */,
				2795404A2165502600D657E5 /* CopyFiles */,
			);
			buildRules = (
			);
			dependencies = (
				277FE8E12165606D001ACE55 /* PBXTargetDependency */,
			);
			name = clitester;
			productName = clitester;
			productReference = 2795404C2165502600D657E5 /* clitester */;
			productType = "com.apple.product-type.tool";
		};
		27C335DD21667C7A00CF0868 /* singleviewtesterapp2 */ = {
			isa = PBXNativeTarget;
			buildConfigurationList = 27C335ED21667C7C00CF0868 /* Build configuration list for PBXNativeTarget "singleviewtesterapp2" */;
			buildPhases = (
				27C335DA21667C7A00CF0868 /* Sources */,
				27C335DB21667C7A00CF0868 /* Frameworks */,
				27C335DC21667C7A00CF0868 /* Resources */,
				2738940021667EF80075A197 /* Embed Frameworks */,
			);
			buildRules = (
			);
			dependencies = (
				273893FF21667EF80075A197 /* PBXTargetDependency */,
			);
			name = singleviewtesterapp2;
			productName = singleviewtesterapp2;
			productReference = 27C335DE21667C7A00CF0868 /* singleviewtesterapp2.app */;
			productType = "com.apple.product-type.application";
		};
		432B0E871CDFC3C50045347B /* SpikeClient */ = {
			isa = PBXNativeTarget;
			buildConfigurationList = 432B0E9C1CDFC3C50045347B /* Build configuration list for PBXNativeTarget "SpikeClient" */;
			buildPhases = (
				432B0E831CDFC3C50045347B /* Sources */,
				432B0E841CDFC3C50045347B /* Frameworks */,
				432B0E851CDFC3C50045347B /* Headers */,
				432B0E861CDFC3C50045347B /* Resources */,
			);
			buildRules = (
			);
			dependencies = (
				4325E9D7210E714B00969CE5 /* PBXTargetDependency */,
			);
			name = SpikeClient;
			productName = SpikeClient;
			productReference = 432B0E881CDFC3C50045347B /* SpikeClient.framework */;
			productType = "com.apple.product-type.framework";
		};
		432B0E911CDFC3C50045347B /* SpikeClientTests */ = {
			isa = PBXNativeTarget;
			buildConfigurationList = 432B0E9F1CDFC3C50045347B /* Build configuration list for PBXNativeTarget "SpikeClientTests" */;
			buildPhases = (
				432B0E8E1CDFC3C50045347B /* Sources */,
				432B0E8F1CDFC3C50045347B /* Frameworks */,
				432B0E901CDFC3C50045347B /* Resources */,
			);
			buildRules = (
			);
			dependencies = (
				432B0E951CDFC3C50045347B /* PBXTargetDependency */,
				27C335F621667D1600CF0868 /* PBXTargetDependency */,
			);
			name = SpikeClientTests;
			productName = SpikeClientTests;
			productReference = 432B0E921CDFC3C50045347B /* SpikeClientTests.xctest */;
			productType = "com.apple.product-type.bundle.unit-test";
		};
		43A8EC81210E664300A81379 /* SpikeClientUI */ = {
			isa = PBXNativeTarget;
			buildConfigurationList = 43A8EC87210E664300A81379 /* Build configuration list for PBXNativeTarget "SpikeClientUI" */;
			buildPhases = (
				43A8EC7D210E664300A81379 /* Sources */,
				43A8EC7E210E664300A81379 /* Frameworks */,
				43A8EC7F210E664300A81379 /* Headers */,
				43A8EC80210E664300A81379 /* Resources */,
			);
			buildRules = (
			);
			dependencies = (
				4325E9D9210E715200969CE5 /* PBXTargetDependency */,
			);
			name = SpikeClientUI;
			productName = SpikeClientUI;
			productReference = 43A8EC82210E664300A81379 /* SpikeClientUI.framework */;
			productType = "com.apple.product-type.framework";
		};
/* End PBXNativeTarget section */

/* Begin PBXProject section */
		432B0E7F1CDFC3C50045347B /* Project object */ = {
			isa = PBXProject;
			attributes = {
				LastSwiftUpdateCheck = 0940;
				LastUpgradeCheck = 0940;
				ORGANIZATIONNAME = "Mark Wilson";
				TargetAttributes = {
					2795404B2165502600D657E5 = {
						CreatedOnToolsVersion = 9.4.1;
						DevelopmentTeam = L28K36YETG;
						ProvisioningStyle = Automatic;
					};
					27C335DD21667C7A00CF0868 = {
						CreatedOnToolsVersion = 9.4.1;
						DevelopmentTeam = L28K36YETG;
						ProvisioningStyle = Automatic;
					};
					432B0E871CDFC3C50045347B = {
						CreatedOnToolsVersion = 7.3.1;
						DevelopmentTeam = L28K36YETG;
						LastSwiftMigration = 0900;
					};
					432B0E911CDFC3C50045347B = {
						CreatedOnToolsVersion = 7.3.1;
						DevelopmentTeam = L28K36YETG;
						LastSwiftMigration = 0900;
					};
					43A8EC75210E653B00A81379 = {
						CreatedOnToolsVersion = 9.4.1;
						ProvisioningStyle = Automatic;
					};
					43A8EC81210E664300A81379 = {
						CreatedOnToolsVersion = 9.4.1;
						ProvisioningStyle = Automatic;
					};
				};
			};
			buildConfigurationList = 432B0E821CDFC3C50045347B /* Build configuration list for PBXProject "SpikeClient" */;
			compatibilityVersion = "Xcode 3.2";
			developmentRegion = English;
			hasScannedForEncodings = 0;
			knownRegions = (
				en,
				Base,
				fr,
				de,
				"zh-Hans",
				es,
				it,
				nl,
				nb,
				ru,
				pl,
			);
			mainGroup = 432B0E7E1CDFC3C50045347B;
			productRefGroup = 432B0E891CDFC3C50045347B /* Products */;
			projectDirPath = "";
			projectRoot = "";
			targets = (
				432B0E871CDFC3C50045347B /* SpikeClient */,
				432B0E911CDFC3C50045347B /* SpikeClientTests */,
				43A8EC81210E664300A81379 /* SpikeClientUI */,
				43A8EC75210E653B00A81379 /* Cartfile */,
				2795404B2165502600D657E5 /* clitester */,
				27C335DD21667C7A00CF0868 /* singleviewtesterapp2 */,
			);
		};
/* End PBXProject section */

/* Begin PBXResourcesBuildPhase section */
		27C335DC21667C7A00CF0868 /* Resources */ = {
			isa = PBXResourcesBuildPhase;
			buildActionMask = 2147483647;
			files = (
				27C335EB21667C7C00CF0868 /* LaunchScreen.storyboard in Resources */,
				27C335E821667C7C00CF0868 /* Assets.xcassets in Resources */,
				27C335E621667C7B00CF0868 /* Main.storyboard in Resources */,
			);
			runOnlyForDeploymentPostprocessing = 0;
		};
		432B0E861CDFC3C50045347B /* Resources */ = {
			isa = PBXResourcesBuildPhase;
			buildActionMask = 2147483647;
			files = (
				43AB5127213315D300B3D58D /* Localizable.strings in Resources */,
			);
			runOnlyForDeploymentPostprocessing = 0;
		};
		432B0E901CDFC3C50045347B /* Resources */ = {
			isa = PBXResourcesBuildPhase;
			buildActionMask = 2147483647;
			files = (
			);
			runOnlyForDeploymentPostprocessing = 0;
		};
		43A8EC80210E664300A81379 /* Resources */ = {
			isa = PBXResourcesBuildPhase;
			buildActionMask = 2147483647;
			files = (
				43AB511B21330D1400B3D58D /* Localizable.strings in Resources */,
			);
			runOnlyForDeploymentPostprocessing = 0;
		};
/* End PBXResourcesBuildPhase section */

/* Begin PBXShellScriptBuildPhase section */
		43A8EC79210E654300A81379 /* Build Carthage Dependencies */ = {
			isa = PBXShellScriptBuildPhase;
			buildActionMask = 2147483647;
			files = (
			);
			inputPaths = (
			);
			name = "Build Carthage Dependencies";
			outputPaths = (
			);
			runOnlyForDeploymentPostprocessing = 0;
			shellPath = /bin/sh;
			shellScript = "if [ -f $PROJECT_DIR/.gitmodules ]; then\n    echo \"Skipping checkout due to presence of .gitmodules file\"\n    if [ $ACTION = \"install\" ]; then\n        echo \"You're installing: Make sure to keep all submodules up-to-date and run carthage build after changes.\"\n    fi\nelse\n    echo \"Bootstrapping carthage dependencies\"\n    /usr/local/bin/carthage bootstrap --project-directory \"$SRCROOT\" --cache-builds\nfi";
		};
/* End PBXShellScriptBuildPhase section */

/* Begin PBXSourcesBuildPhase section */
		279540482165502600D657E5 /* Sources */ = {
			isa = PBXSourcesBuildPhase;
			buildActionMask = 2147483647;
			files = (
				2795404F2165502600D657E5 /* main.swift in Sources */,
			);
			runOnlyForDeploymentPostprocessing = 0;
		};
		27C335DA21667C7A00CF0868 /* Sources */ = {
			isa = PBXSourcesBuildPhase;
			buildActionMask = 2147483647;
			files = (
				27C335E321667C7B00CF0868 /* ViewController.swift in Sources */,
				27C335E121667C7A00CF0868 /* AppDelegate.swift in Sources */,
			);
			runOnlyForDeploymentPostprocessing = 0;
		};
		432B0E831CDFC3C50045347B /* Sources */ = {
			isa = PBXSourcesBuildPhase;
			buildActionMask = 2147483647;
			files = (
				4325E9CF210E6A0A00969CE5 /* HKUnit.swift in Sources */,
				4325E9D1210E6A3D00969CE5 /* TimeInterval.swift in Sources */,
				27C335B82165667300CF0868 /* SpikeClient.swift in Sources */,
				43A8EC9D210E68CE00A81379 /* SpikeClientManager.swift in Sources */,
				43AB51362133177800B3D58D /* LocalizedString.swift in Sources */,
				43A8EC9B210E68BA00A81379 /* ShareGlucose+GlucoseKit.swift in Sources */,
				43A8EC99210E682A00A81379 /* SpikeService.swift in Sources */,
			);
			runOnlyForDeploymentPostprocessing = 0;
		};
		432B0E8E1CDFC3C50045347B /* Sources */ = {
			isa = PBXSourcesBuildPhase;
			buildActionMask = 2147483647;
			files = (
				432B0E981CDFC3C50045347B /* SpikeClientTests.swift in Sources */,
			);
			runOnlyForDeploymentPostprocessing = 0;
		};
		43A8EC7D210E664300A81379 /* Sources */ = {
			isa = PBXSourcesBuildPhase;
			buildActionMask = 2147483647;
			files = (
				43A8EC92210E676500A81379 /* SpikeClientSettingsViewController.swift in Sources */,
				4325E9D5210E6B4400969CE5 /* UIColor.swift in Sources */,
				43A8EC97210E680100A81379 /* ShareService+UI.swift in Sources */,
				43AB51372133177800B3D58D /* LocalizedString.swift in Sources */,
				4325E9D3210E6ADA00969CE5 /* IdentifiableClass.swift in Sources */,
				43A8EC91210E676500A81379 /* SpikeClientManager+UI.swift in Sources */,
				43A8EC90210E676500A81379 /* SpikeClientSetupViewController.swift in Sources */,
			);
			runOnlyForDeploymentPostprocessing = 0;
		};
/* End PBXSourcesBuildPhase section */

/* Begin PBXTargetDependency section */
		273893FF21667EF80075A197 /* PBXTargetDependency */ = {
			isa = PBXTargetDependency;
			target = 432B0E871CDFC3C50045347B /* SpikeClient */;
			targetProxy = 273893FE21667EF80075A197 /* PBXContainerItemProxy */;
		};
		277FE8E12165606D001ACE55 /* PBXTargetDependency */ = {
			isa = PBXTargetDependency;
			target = 432B0E871CDFC3C50045347B /* SpikeClient */;
			targetProxy = 277FE8E02165606D001ACE55 /* PBXContainerItemProxy */;
		};
		27C335F621667D1600CF0868 /* PBXTargetDependency */ = {
			isa = PBXTargetDependency;
			target = 27C335DD21667C7A00CF0868 /* singleviewtesterapp2 */;
			targetProxy = 27C335F521667D1600CF0868 /* PBXContainerItemProxy */;
		};
		4325E9D7210E714B00969CE5 /* PBXTargetDependency */ = {
			isa = PBXTargetDependency;
			target = 43A8EC75210E653B00A81379 /* Cartfile */;
			targetProxy = 4325E9D6210E714B00969CE5 /* PBXContainerItemProxy */;
		};
		4325E9D9210E715200969CE5 /* PBXTargetDependency */ = {
			isa = PBXTargetDependency;
			target = 43A8EC75210E653B00A81379 /* Cartfile */;
			targetProxy = 4325E9D8210E715200969CE5 /* PBXContainerItemProxy */;
		};
		432B0E951CDFC3C50045347B /* PBXTargetDependency */ = {
			isa = PBXTargetDependency;
			target = 432B0E871CDFC3C50045347B /* SpikeClient */;
			targetProxy = 432B0E941CDFC3C50045347B /* PBXContainerItemProxy */;
		};
/* End PBXTargetDependency section */

/* Begin PBXVariantGroup section */
		27C335E421667C7B00CF0868 /* Main.storyboard */ = {
			isa = PBXVariantGroup;
			children = (
				27C335E521667C7B00CF0868 /* Base */,
			);
			name = Main.storyboard;
			sourceTree = "<group>";
		};
		27C335E921667C7C00CF0868 /* LaunchScreen.storyboard */ = {
			isa = PBXVariantGroup;
			children = (
				27C335EA21667C7C00CF0868 /* Base */,
			);
			name = LaunchScreen.storyboard;
			sourceTree = "<group>";
		};
		43AB511921330D1400B3D58D /* Localizable.strings */ = {
			isa = PBXVariantGroup;
			children = (
				43AB511A21330D1400B3D58D /* Base */,
				43AB511C21330D6800B3D58D /* fr */,
				43AB511D21330D6B00B3D58D /* de */,
				43AB511E21330D7000B3D58D /* zh-Hans */,
				43AB511F21330D7800B3D58D /* es */,
				43AB512021330D7E00B3D58D /* it */,
				43AB512121330D8600B3D58D /* nl */,
				43AB512221330D8A00B3D58D /* nb */,
				43AB512321330D8E00B3D58D /* ru */,
				43AB512421330D9400B3D58D /* pl */,
			);
			name = Localizable.strings;
			sourceTree = "<group>";
		};
		43AB5125213315D300B3D58D /* Localizable.strings */ = {
			isa = PBXVariantGroup;
			children = (
				43AB5126213315D300B3D58D /* Base */,
				43AB51282133161100B3D58D /* fr */,
				43AB51292133161200B3D58D /* de */,
				43AB512A2133161300B3D58D /* zh-Hans */,
				43AB512B2133161600B3D58D /* es */,
				43AB512C2133161700B3D58D /* it */,
				43AB512D2133161800B3D58D /* nl */,
				43AB512E2133161900B3D58D /* nb */,
				43AB512F2133161A00B3D58D /* ru */,
				43AB51302133161A00B3D58D /* pl */,
			);
			name = Localizable.strings;
			sourceTree = "<group>";
		};
/* End PBXVariantGroup section */

/* Begin XCBuildConfiguration section */
		279540512165502600D657E5 /* Debug */ = {
			isa = XCBuildConfiguration;
			buildSettings = {
				CLANG_ANALYZER_NUMBER_OBJECT_CONVERSION = YES_AGGRESSIVE;
				CLANG_CXX_LANGUAGE_STANDARD = "gnu++14";
				CLANG_ENABLE_OBJC_WEAK = YES;
				CLANG_WARN_DOCUMENTATION_COMMENTS = YES;
				CLANG_WARN_UNGUARDED_AVAILABILITY = YES_AGGRESSIVE;
				CODE_SIGN_IDENTITY = "Mac Developer";
				CODE_SIGN_STYLE = Automatic;
				DEVELOPMENT_TEAM = L28K36YETG;
				GCC_C_LANGUAGE_STANDARD = gnu11;
				MACOSX_DEPLOYMENT_TARGET = 10.13;
				PRODUCT_NAME = "$(TARGET_NAME)";
				SDKROOT = macosx;
				SWIFT_ACTIVE_COMPILATION_CONDITIONS = DEBUG;
				SWIFT_VERSION = 4.0;
			};
			name = Debug;
		};
		279540522165502600D657E5 /* Release */ = {
			isa = XCBuildConfiguration;
			buildSettings = {
				CLANG_ANALYZER_NUMBER_OBJECT_CONVERSION = YES_AGGRESSIVE;
				CLANG_CXX_LANGUAGE_STANDARD = "gnu++14";
				CLANG_ENABLE_OBJC_WEAK = YES;
				CLANG_WARN_DOCUMENTATION_COMMENTS = YES;
				CLANG_WARN_UNGUARDED_AVAILABILITY = YES_AGGRESSIVE;
				CODE_SIGN_IDENTITY = "Mac Developer";
				CODE_SIGN_STYLE = Automatic;
				DEVELOPMENT_TEAM = L28K36YETG;
				GCC_C_LANGUAGE_STANDARD = gnu11;
				MACOSX_DEPLOYMENT_TARGET = 10.13;
				PRODUCT_NAME = "$(TARGET_NAME)";
				SDKROOT = macosx;
				SWIFT_VERSION = 4.0;
			};
			name = Release;
		};
		27C335EE21667C7C00CF0868 /* Debug */ = {
			isa = XCBuildConfiguration;
			buildSettings = {
				ALWAYS_EMBED_SWIFT_STANDARD_LIBRARIES = YES;
				ASSETCATALOG_COMPILER_APPICON_NAME = AppIcon;
				CLANG_ANALYZER_NUMBER_OBJECT_CONVERSION = YES_AGGRESSIVE;
				CLANG_CXX_LANGUAGE_STANDARD = "gnu++14";
				CLANG_ENABLE_OBJC_WEAK = YES;
				CLANG_WARN_DOCUMENTATION_COMMENTS = YES;
				CLANG_WARN_UNGUARDED_AVAILABILITY = YES_AGGRESSIVE;
				CODE_SIGN_IDENTITY = "iPhone Developer";
				CODE_SIGN_STYLE = Automatic;
				DEVELOPMENT_TEAM = L28K36YETG;
				FRAMEWORK_SEARCH_PATHS = (
					"$(inherited)",
					"$(PROJECT_DIR)/Carthage/Build/iOS",
				);
				GCC_C_LANGUAGE_STANDARD = gnu11;
				INFOPLIST_FILE = singleviewtesterapp2/Info.plist;
				IPHONEOS_DEPLOYMENT_TARGET = 11.4;
				LD_RUNPATH_SEARCH_PATHS = "$(inherited) @executable_path/Frameworks";
				PRODUCT_BUNDLE_IDENTIFIER = com.mddub.ShareClient.singleviewtesterapp2;
				PRODUCT_NAME = "$(TARGET_NAME)";
				SWIFT_ACTIVE_COMPILATION_CONDITIONS = DEBUG;
				SWIFT_VERSION = 4.0;
				TARGETED_DEVICE_FAMILY = "1,2";
			};
			name = Debug;
		};
		27C335EF21667C7C00CF0868 /* Release */ = {
			isa = XCBuildConfiguration;
			buildSettings = {
				ALWAYS_EMBED_SWIFT_STANDARD_LIBRARIES = YES;
				ASSETCATALOG_COMPILER_APPICON_NAME = AppIcon;
				CLANG_ANALYZER_NUMBER_OBJECT_CONVERSION = YES_AGGRESSIVE;
				CLANG_CXX_LANGUAGE_STANDARD = "gnu++14";
				CLANG_ENABLE_OBJC_WEAK = YES;
				CLANG_WARN_DOCUMENTATION_COMMENTS = YES;
				CLANG_WARN_UNGUARDED_AVAILABILITY = YES_AGGRESSIVE;
				CODE_SIGN_IDENTITY = "iPhone Developer";
				CODE_SIGN_STYLE = Automatic;
				DEVELOPMENT_TEAM = L28K36YETG;
				FRAMEWORK_SEARCH_PATHS = (
					"$(inherited)",
					"$(PROJECT_DIR)/Carthage/Build/iOS",
				);
				GCC_C_LANGUAGE_STANDARD = gnu11;
				INFOPLIST_FILE = singleviewtesterapp2/Info.plist;
				IPHONEOS_DEPLOYMENT_TARGET = 11.4;
				LD_RUNPATH_SEARCH_PATHS = "$(inherited) @executable_path/Frameworks";
				PRODUCT_BUNDLE_IDENTIFIER = com.mddub.ShareClient.singleviewtesterapp2;
				PRODUCT_NAME = "$(TARGET_NAME)";
				SWIFT_VERSION = 4.0;
				TARGETED_DEVICE_FAMILY = "1,2";
			};
			name = Release;
		};
		432B0E9A1CDFC3C50045347B /* Debug */ = {
			isa = XCBuildConfiguration;
			buildSettings = {
				ALWAYS_SEARCH_USER_PATHS = NO;
				CARTHAGE_PLATFORM_PATH_iphoneos = iOS;
				CARTHAGE_PLATFORM_PATH_iphonesimulator = iOS;
				CARTHAGE_PLATFORM_PATH_watchos = watchOS;
				CARTHAGE_PLATFORM_PATH_watchsimulator = watchOS;
				CLANG_ANALYZER_LOCALIZABILITY_NONLOCALIZED = YES;
				CLANG_ANALYZER_NONNULL = YES;
				CLANG_CXX_LANGUAGE_STANDARD = "gnu++0x";
				CLANG_CXX_LIBRARY = "libc++";
				CLANG_ENABLE_MODULES = YES;
				CLANG_ENABLE_OBJC_ARC = YES;
				CLANG_WARN_BLOCK_CAPTURE_AUTORELEASING = YES;
				CLANG_WARN_BOOL_CONVERSION = YES;
				CLANG_WARN_COMMA = YES;
				CLANG_WARN_CONSTANT_CONVERSION = YES;
				CLANG_WARN_DEPRECATED_OBJC_IMPLEMENTATIONS = YES;
				CLANG_WARN_DIRECT_OBJC_ISA_USAGE = YES_ERROR;
				CLANG_WARN_EMPTY_BODY = YES;
				CLANG_WARN_ENUM_CONVERSION = YES;
				CLANG_WARN_INFINITE_RECURSION = YES;
				CLANG_WARN_INT_CONVERSION = YES;
				CLANG_WARN_NON_LITERAL_NULL_CONVERSION = YES;
				CLANG_WARN_OBJC_IMPLICIT_RETAIN_SELF = YES;
				CLANG_WARN_OBJC_LITERAL_CONVERSION = YES;
				CLANG_WARN_OBJC_ROOT_CLASS = YES_ERROR;
				CLANG_WARN_RANGE_LOOP_ANALYSIS = YES;
				CLANG_WARN_STRICT_PROTOTYPES = YES;
				CLANG_WARN_SUSPICIOUS_MOVE = YES;
				CLANG_WARN_UNREACHABLE_CODE = YES;
				CLANG_WARN__DUPLICATE_METHOD_MATCH = YES;
				"CODE_SIGN_IDENTITY[sdk=iphoneos*]" = "iPhone Developer";
				COPY_PHASE_STRIP = NO;
				CURRENT_PROJECT_VERSION = 2;
				DEBUG_INFORMATION_FORMAT = dwarf;
				ENABLE_STRICT_OBJC_MSGSEND = YES;
				ENABLE_TESTABILITY = YES;
				GCC_C_LANGUAGE_STANDARD = gnu99;
				GCC_DYNAMIC_NO_PIC = NO;
				GCC_NO_COMMON_BLOCKS = YES;
				GCC_OPTIMIZATION_LEVEL = 0;
				GCC_PREPROCESSOR_DEFINITIONS = (
					"DEBUG=1",
					"$(inherited)",
				);
				GCC_WARN_64_TO_32_BIT_CONVERSION = YES;
				GCC_WARN_ABOUT_RETURN_TYPE = YES_ERROR;
				GCC_WARN_UNDECLARED_SELECTOR = YES;
				GCC_WARN_UNINITIALIZED_AUTOS = YES_AGGRESSIVE;
				GCC_WARN_UNUSED_FUNCTION = YES;
				GCC_WARN_UNUSED_VARIABLE = YES;
				IPHONEOS_DEPLOYMENT_TARGET = 11.1;
				LOCALIZED_STRING_MACRO_NAMES = (
					NSLocalizedString,
					CFLocalizedString,
					LocalizedString,
				);
				MTL_ENABLE_DEBUG_INFO = YES;
				ONLY_ACTIVE_ARCH = YES;
				SDKROOT = iphoneos;
				SWIFT_OPTIMIZATION_LEVEL = "-Onone";
				TARGETED_DEVICE_FAMILY = "1,2";
				VERSIONING_SYSTEM = "apple-generic";
				VERSION_INFO_PREFIX = "";
				WATCHOS_DEPLOYMENT_TARGET = 4.0;
			};
			name = Debug;
		};
		432B0E9B1CDFC3C50045347B /* Release */ = {
			isa = XCBuildConfiguration;
			buildSettings = {
				ALWAYS_SEARCH_USER_PATHS = NO;
				CARTHAGE_PLATFORM_PATH_iphoneos = iOS;
				CARTHAGE_PLATFORM_PATH_iphonesimulator = iOS;
				CARTHAGE_PLATFORM_PATH_watchos = watchOS;
				CARTHAGE_PLATFORM_PATH_watchsimulator = watchOS;
				CLANG_ANALYZER_LOCALIZABILITY_NONLOCALIZED = YES;
				CLANG_ANALYZER_NONNULL = YES;
				CLANG_CXX_LANGUAGE_STANDARD = "gnu++0x";
				CLANG_CXX_LIBRARY = "libc++";
				CLANG_ENABLE_MODULES = YES;
				CLANG_ENABLE_OBJC_ARC = YES;
				CLANG_WARN_BLOCK_CAPTURE_AUTORELEASING = YES;
				CLANG_WARN_BOOL_CONVERSION = YES;
				CLANG_WARN_COMMA = YES;
				CLANG_WARN_CONSTANT_CONVERSION = YES;
				CLANG_WARN_DEPRECATED_OBJC_IMPLEMENTATIONS = YES;
				CLANG_WARN_DIRECT_OBJC_ISA_USAGE = YES_ERROR;
				CLANG_WARN_EMPTY_BODY = YES;
				CLANG_WARN_ENUM_CONVERSION = YES;
				CLANG_WARN_INFINITE_RECURSION = YES;
				CLANG_WARN_INT_CONVERSION = YES;
				CLANG_WARN_NON_LITERAL_NULL_CONVERSION = YES;
				CLANG_WARN_OBJC_IMPLICIT_RETAIN_SELF = YES;
				CLANG_WARN_OBJC_LITERAL_CONVERSION = YES;
				CLANG_WARN_OBJC_ROOT_CLASS = YES_ERROR;
				CLANG_WARN_RANGE_LOOP_ANALYSIS = YES;
				CLANG_WARN_STRICT_PROTOTYPES = YES;
				CLANG_WARN_SUSPICIOUS_MOVE = YES;
				CLANG_WARN_UNREACHABLE_CODE = YES;
				CLANG_WARN__DUPLICATE_METHOD_MATCH = YES;
				"CODE_SIGN_IDENTITY[sdk=iphoneos*]" = "iPhone Developer";
				COPY_PHASE_STRIP = NO;
				CURRENT_PROJECT_VERSION = 2;
				DEBUG_INFORMATION_FORMAT = "dwarf-with-dsym";
				ENABLE_NS_ASSERTIONS = NO;
				ENABLE_STRICT_OBJC_MSGSEND = YES;
				GCC_C_LANGUAGE_STANDARD = gnu99;
				GCC_NO_COMMON_BLOCKS = YES;
				GCC_WARN_64_TO_32_BIT_CONVERSION = YES;
				GCC_WARN_ABOUT_RETURN_TYPE = YES_ERROR;
				GCC_WARN_UNDECLARED_SELECTOR = YES;
				GCC_WARN_UNINITIALIZED_AUTOS = YES_AGGRESSIVE;
				GCC_WARN_UNUSED_FUNCTION = YES;
				GCC_WARN_UNUSED_VARIABLE = YES;
				IPHONEOS_DEPLOYMENT_TARGET = 11.1;
				LOCALIZED_STRING_MACRO_NAMES = (
					NSLocalizedString,
					CFLocalizedString,
					LocalizedString,
				);
				MTL_ENABLE_DEBUG_INFO = NO;
				SDKROOT = iphoneos;
				SWIFT_OPTIMIZATION_LEVEL = "-Owholemodule";
				TARGETED_DEVICE_FAMILY = "1,2";
				VALIDATE_PRODUCT = YES;
				VERSIONING_SYSTEM = "apple-generic";
				VERSION_INFO_PREFIX = "";
				WATCHOS_DEPLOYMENT_TARGET = 4.0;
			};
			name = Release;
		};
		432B0E9D1CDFC3C50045347B /* Debug */ = {
			isa = XCBuildConfiguration;
			buildSettings = {
				APPLICATION_EXTENSION_API_ONLY = YES;
				CLANG_ENABLE_MODULES = YES;
				CODE_SIGN_IDENTITY = "iPhone Developer";
				"CODE_SIGN_IDENTITY[sdk=iphoneos*]" = "";
				DEFINES_MODULE = YES;
				DEVELOPMENT_TEAM = L28K36YETG;
				DYLIB_COMPATIBILITY_VERSION = 1;
				DYLIB_CURRENT_VERSION = 2;
				DYLIB_INSTALL_NAME_BASE = "@rpath";
				FRAMEWORK_SEARCH_PATHS = (
					"$(inherited)",
					"$(PROJECT_DIR)/Carthage/Build/$(CARTHAGE_PLATFORM_PATH_$(PLATFORM_NAME))",
				);
				INFOPLIST_FILE = SpikeClient/Info.plist;
				INSTALL_PATH = "$(LOCAL_LIBRARY_DIR)/Frameworks";
				LD_RUNPATH_SEARCH_PATHS = "$(inherited) @executable_path/Frameworks @loader_path/Frameworks";
				PRODUCT_BUNDLE_IDENTIFIER = com.mddub.SpikeClient;
				PRODUCT_NAME = "$(TARGET_NAME)";
				SKIP_INSTALL = YES;
				SUPPORTED_PLATFORMS = "iphonesimulator iphoneos watchos watchsimulator";
				SWIFT_OPTIMIZATION_LEVEL = "-Onone";
				SWIFT_VERSION = 4.0;
				TARGETED_DEVICE_FAMILY = "1,2,4";
			};
			name = Debug;
		};
		432B0E9E1CDFC3C50045347B /* Release */ = {
			isa = XCBuildConfiguration;
			buildSettings = {
				APPLICATION_EXTENSION_API_ONLY = YES;
				CLANG_ENABLE_MODULES = YES;
				CODE_SIGN_IDENTITY = "iPhone Developer";
				"CODE_SIGN_IDENTITY[sdk=iphoneos*]" = "";
				DEFINES_MODULE = YES;
				DEVELOPMENT_TEAM = L28K36YETG;
				DYLIB_COMPATIBILITY_VERSION = 1;
				DYLIB_CURRENT_VERSION = 2;
				DYLIB_INSTALL_NAME_BASE = "@rpath";
				FRAMEWORK_SEARCH_PATHS = (
					"$(inherited)",
					"$(PROJECT_DIR)/Carthage/Build/$(CARTHAGE_PLATFORM_PATH_$(PLATFORM_NAME))",
				);
				INFOPLIST_FILE = SpikeClient/Info.plist;
				INSTALL_PATH = "$(LOCAL_LIBRARY_DIR)/Frameworks";
				LD_RUNPATH_SEARCH_PATHS = "$(inherited) @executable_path/Frameworks @loader_path/Frameworks";
				PRODUCT_BUNDLE_IDENTIFIER = com.mddub.SpikeClient;
				PRODUCT_NAME = "$(TARGET_NAME)";
				SKIP_INSTALL = YES;
				SUPPORTED_PLATFORMS = "iphonesimulator iphoneos watchos watchsimulator";
				SWIFT_VERSION = 4.0;
				TARGETED_DEVICE_FAMILY = "1,2,4";
			};
			name = Release;
		};
		432B0EA01CDFC3C50045347B /* Debug */ = {
			isa = XCBuildConfiguration;
			buildSettings = {
				DEVELOPMENT_TEAM = L28K36YETG;
				INFOPLIST_FILE = SpikeClientTests/Info.plist;
				LD_RUNPATH_SEARCH_PATHS = "$(inherited) @executable_path/Frameworks @loader_path/Frameworks";
				PRODUCT_BUNDLE_IDENTIFIER = com.mddub.SpikeClientTests;
				PRODUCT_NAME = "$(TARGET_NAME)";
				SWIFT_VERSION = 4.0;
			};
			name = Debug;
		};
		432B0EA11CDFC3C50045347B /* Release */ = {
			isa = XCBuildConfiguration;
			buildSettings = {
				DEVELOPMENT_TEAM = L28K36YETG;
				INFOPLIST_FILE = SpikeClientTests/Info.plist;
				LD_RUNPATH_SEARCH_PATHS = "$(inherited) @executable_path/Frameworks @loader_path/Frameworks";
				PRODUCT_BUNDLE_IDENTIFIER = com.mddub.SpikeClientTests;
				PRODUCT_NAME = "$(TARGET_NAME)";
				SWIFT_VERSION = 4.0;
			};
			name = Release;
		};
		43A8EC77210E653C00A81379 /* Debug */ = {
			isa = XCBuildConfiguration;
			buildSettings = {
				CODE_SIGN_STYLE = Automatic;
				PRODUCT_NAME = "$(TARGET_NAME)";
			};
			name = Debug;
		};
		43A8EC78210E653C00A81379 /* Release */ = {
			isa = XCBuildConfiguration;
			buildSettings = {
				CODE_SIGN_STYLE = Automatic;
				PRODUCT_NAME = "$(TARGET_NAME)";
			};
			name = Release;
		};
		43A8EC88210E664300A81379 /* Debug */ = {
			isa = XCBuildConfiguration;
			buildSettings = {
				CLANG_ANALYZER_NUMBER_OBJECT_CONVERSION = YES_AGGRESSIVE;
				CLANG_CXX_LANGUAGE_STANDARD = "gnu++14";
				CLANG_ENABLE_OBJC_WEAK = YES;
				CLANG_WARN_DEPRECATED_OBJC_IMPLEMENTATIONS = YES;
				CLANG_WARN_DOCUMENTATION_COMMENTS = YES;
				CLANG_WARN_OBJC_IMPLICIT_RETAIN_SELF = YES;
				CLANG_WARN_UNGUARDED_AVAILABILITY = YES_AGGRESSIVE;
				CODE_SIGN_IDENTITY = "";
				CODE_SIGN_STYLE = Automatic;
				CURRENT_PROJECT_VERSION = 1;
				DEFINES_MODULE = YES;
				DYLIB_COMPATIBILITY_VERSION = 1;
				DYLIB_CURRENT_VERSION = 1;
				DYLIB_INSTALL_NAME_BASE = "@rpath";
				FRAMEWORK_SEARCH_PATHS = (
					"$(inherited)",
					"$(PROJECT_DIR)/Carthage/Build/iOS",
				);
				GCC_C_LANGUAGE_STANDARD = gnu11;
				INFOPLIST_FILE = SpikeClientUI/Info.plist;
				INSTALL_PATH = "$(LOCAL_LIBRARY_DIR)/Frameworks";
				LD_RUNPATH_SEARCH_PATHS = "$(inherited) @executable_path/Frameworks @loader_path/Frameworks";
				PRODUCT_BUNDLE_IDENTIFIER = com.loopkit.SpikeClientUI;
				PRODUCT_NAME = "$(TARGET_NAME:c99extidentifier)";
				SKIP_INSTALL = YES;
				SWIFT_ACTIVE_COMPILATION_CONDITIONS = DEBUG;
				SWIFT_VERSION = 4.0;
				TARGETED_DEVICE_FAMILY = "1,2";
			};
			name = Debug;
		};
		43A8EC89210E664300A81379 /* Release */ = {
			isa = XCBuildConfiguration;
			buildSettings = {
				CLANG_ANALYZER_NUMBER_OBJECT_CONVERSION = YES_AGGRESSIVE;
				CLANG_CXX_LANGUAGE_STANDARD = "gnu++14";
				CLANG_ENABLE_OBJC_WEAK = YES;
				CLANG_WARN_DEPRECATED_OBJC_IMPLEMENTATIONS = YES;
				CLANG_WARN_DOCUMENTATION_COMMENTS = YES;
				CLANG_WARN_OBJC_IMPLICIT_RETAIN_SELF = YES;
				CLANG_WARN_UNGUARDED_AVAILABILITY = YES_AGGRESSIVE;
				CODE_SIGN_IDENTITY = "";
				CODE_SIGN_STYLE = Automatic;
				CURRENT_PROJECT_VERSION = 1;
				DEFINES_MODULE = YES;
				DYLIB_COMPATIBILITY_VERSION = 1;
				DYLIB_CURRENT_VERSION = 1;
				DYLIB_INSTALL_NAME_BASE = "@rpath";
				FRAMEWORK_SEARCH_PATHS = (
					"$(inherited)",
					"$(PROJECT_DIR)/Carthage/Build/iOS",
				);
				GCC_C_LANGUAGE_STANDARD = gnu11;
				INFOPLIST_FILE = SpikeClientUI/Info.plist;
				INSTALL_PATH = "$(LOCAL_LIBRARY_DIR)/Frameworks";
				LD_RUNPATH_SEARCH_PATHS = "$(inherited) @executable_path/Frameworks @loader_path/Frameworks";
				PRODUCT_BUNDLE_IDENTIFIER = com.loopkit.SpikeClientUI;
				PRODUCT_NAME = "$(TARGET_NAME:c99extidentifier)";
				SKIP_INSTALL = YES;
				SWIFT_VERSION = 4.0;
				TARGETED_DEVICE_FAMILY = "1,2";
			};
			name = Release;
		};
/* End XCBuildConfiguration section */

/* Begin XCConfigurationList section */
		279540502165502600D657E5 /* Build configuration list for PBXNativeTarget "clitester" */ = {
			isa = XCConfigurationList;
			buildConfigurations = (
				279540512165502600D657E5 /* Debug */,
				279540522165502600D657E5 /* Release */,
			);
			defaultConfigurationIsVisible = 0;
			defaultConfigurationName = Release;
		};
		27C335ED21667C7C00CF0868 /* Build configuration list for PBXNativeTarget "singleviewtesterapp2" */ = {
			isa = XCConfigurationList;
			buildConfigurations = (
				27C335EE21667C7C00CF0868 /* Debug */,
				27C335EF21667C7C00CF0868 /* Release */,
			);
			defaultConfigurationIsVisible = 0;
			defaultConfigurationName = Release;
		};
		432B0E821CDFC3C50045347B /* Build configuration list for PBXProject "SpikeClient" */ = {
			isa = XCConfigurationList;
			buildConfigurations = (
				432B0E9A1CDFC3C50045347B /* Debug */,
				432B0E9B1CDFC3C50045347B /* Release */,
			);
			defaultConfigurationIsVisible = 0;
			defaultConfigurationName = Release;
		};
		432B0E9C1CDFC3C50045347B /* Build configuration list for PBXNativeTarget "SpikeClient" */ = {
			isa = XCConfigurationList;
			buildConfigurations = (
				432B0E9D1CDFC3C50045347B /* Debug */,
				432B0E9E1CDFC3C50045347B /* Release */,
			);
			defaultConfigurationIsVisible = 0;
			defaultConfigurationName = Release;
		};
		432B0E9F1CDFC3C50045347B /* Build configuration list for PBXNativeTarget "SpikeClientTests" */ = {
			isa = XCConfigurationList;
			buildConfigurations = (
				432B0EA01CDFC3C50045347B /* Debug */,
				432B0EA11CDFC3C50045347B /* Release */,
			);
			defaultConfigurationIsVisible = 0;
			defaultConfigurationName = Release;
		};
		43A8EC76210E653C00A81379 /* Build configuration list for PBXAggregateTarget "Cartfile" */ = {
			isa = XCConfigurationList;
			buildConfigurations = (
				43A8EC77210E653C00A81379 /* Debug */,
				43A8EC78210E653C00A81379 /* Release */,
			);
			defaultConfigurationIsVisible = 0;
			defaultConfigurationName = Release;
		};
		43A8EC87210E664300A81379 /* Build configuration list for PBXNativeTarget "SpikeClientUI" */ = {
			isa = XCConfigurationList;
			buildConfigurations = (
				43A8EC88210E664300A81379 /* Debug */,
				43A8EC89210E664300A81379 /* Release */,
			);
			defaultConfigurationIsVisible = 0;
			defaultConfigurationName = Release;
		};
/* End XCConfigurationList section */
	};
	rootObject = 432B0E7F1CDFC3C50045347B /* Project object */;
}
